{
  "name": "portfolio",
  "lockfileVersion": 3,
  "requires": true,
  "packages": {
    "": {
      "dependencies": {
        "@owickstrom/the-monospace-web": "^0.1.5"
      }
    },
    "node_modules/@owickstrom/the-monospace-web": {
      "version": "0.1.5",
      "resolved": "https://registry.npmjs.org/@owickstrom/the-monospace-web/-/the-monospace-web-0.1.5.tgz",
      "integrity": "sha512-kEOFm1vL3Ut2e2XrNUjmogccyr3rrmOMpULpkim37wPD0uxeFW5XBZwbfPMOlLF3aLeTxl83CKyOhOxW+D4Fjg==",
      "license": "MIT"
    }
  }
}
